
Microsoft Visual Studio Solution File, Format Version 12.00
# Visual Studio 15
VisualStudioVersion = 15.0.27130.2027
MinimumVisualStudioVersion = 10.0.40219.1
Project("{FAE04EC0-301F-11D3-BF4B-00C04F79EFBC}") = "PP", "PP\PP.csproj", "{241E0248-7F81-41CE-A0D3-48F597BD6731}"
EndProject
Global
	GlobalSection(SolutionConfigurationPlatforms) = preSolution
		Debug|Any CPU = Debug|Any CPU
		Release|Any CPU = Release|Any CPU
	EndGlobalSection
	GlobalSection(ProjectConfigurationPlatforms) = postSolution
		{241E0248-7F81-41CE-A0D3-48F597BD6731}.Debug|Any CPU.ActiveCfg = Debug|Any CPU
		{241E0248-7F81-41CE-A0D3-48F597BD6731}.Debug|Any CPU.Build.0 = Debug|Any CPU
		{241E0248-7F81-41CE-A0D3-48F597BD6731}.Release|Any CPU.ActiveCfg = Release|Any CPU
		{241E0248-7F81-41CE-A0D3-48F597BD6731}.Release|Any CPU.Build.0 = Release|Any CPU
	EndGlobalSection
	GlobalSection(SolutionProperties) = preSolution
		HideSolutionNode = FALSE
	EndGlobalSection
	GlobalSection(ExtensibilityGlobals) = postSolution
		SolutionGuid = {32056E67-4157-4733-A025-84C72D5FAC80}
	EndGlobalSection
EndGlobal
